
Microsoft Visual Studio Solution File, Format Version 12.00
# Visual Studio Version 17
VisualStudioVersion = 17.14.36511.14 d17.14
MinimumVisualStudioVersion = 10.0.40219.1
Project("{FAE04EC0-301F-11D3-BF4B-00C04F79EFBC}") = "HaliSaha", "HaliSaha\HaliSaha.csproj", "{F211F78F-80F1-4031-A972-43A6BE63C9B5}"
EndProject
Project("{FAE04EC0-301F-11D3-BF4B-00C04F79EFBC}") = "HaliSahaAPI", "HaliSahaAPI\HaliSahaAPI.csproj", "{D79E2D22-61AD-4D6D-ABE4-BCE498AB54A4}"
EndProject
Global
	GlobalSection(SolutionConfigurationPlatforms) = preSolution
		Debug|Any CPU = Debug|Any CPU
		Release|Any CPU = Release|Any CPU
	EndGlobalSection
	GlobalSection(ProjectConfigurationPlatforms) = postSolution
		{F211F78F-80F1-4031-A972-43A6BE63C9B5}.Debug|Any CPU.ActiveCfg = Debug|Any CPU
		{F211F78F-80F1-4031-A972-43A6BE63C9B5}.Debug|Any CPU.Build.0 = Debug|Any CPU
		{F211F78F-80F1-4031-A972-43A6BE63C9B5}.Release|Any CPU.ActiveCfg = Release|Any CPU
		{F211F78F-80F1-4031-A972-43A6BE63C9B5}.Release|Any CPU.Build.0 = Release|Any CPU
		{D79E2D22-61AD-4D6D-ABE4-BCE498AB54A4}.Debug|Any CPU.ActiveCfg = Debug|Any CPU
		{D79E2D22-61AD-4D6D-ABE4-BCE498AB54A4}.Debug|Any CPU.Build.0 = Debug|Any CPU
		{D79E2D22-61AD-4D6D-ABE4-BCE498AB54A4}.Release|Any CPU.ActiveCfg = Release|Any CPU
		{D79E2D22-61AD-4D6D-ABE4-BCE498AB54A4}.Release|Any CPU.Build.0 = Release|Any CPU
	EndGlobalSection
	GlobalSection(SolutionProperties) = preSolution
		HideSolutionNode = FALSE
	EndGlobalSection
	GlobalSection(ExtensibilityGlobals) = postSolution
		SolutionGuid = {82CC6C8A-2440-421A-BA20-2BF7A9B0CF5D}
	EndGlobalSection
EndGlobal
